
Microsoft Visual Studio Solution File, Format Version 12.00
# Visual Studio Version 17
VisualStudioVersion = 17.11.35312.102
MinimumVisualStudioVersion = 10.0.40219.1
Project("{8BC9CEB8-8B4A-11D0-8D11-00A0C91BC942}") = "ang5.3", "ang5.3.vcxproj", "{C76DECEC-56F6-4B98-A5F6-BDE10A04B6F1}"
EndProject
Project("{8BC9CEB8-8B4A-11D0-8D11-00A0C91BC942}") = "UnitTest1", "UnitTest1\UnitTest1.vcxproj", "{C0BBD3A3-72B3-4477-B03F-8CD1F5AD307A}"
EndProject
Global
	GlobalSection(SolutionConfigurationPlatforms) = preSolution
		Debug|x64 = Debug|x64
		Debug|x86 = Debug|x86
		Release|x64 = Release|x64
		Release|x86 = Release|x86
	EndGlobalSection
	GlobalSection(ProjectConfigurationPlatforms) = postSolution
		{C76DECEC-56F6-4B98-A5F6-BDE10A04B6F1}.Debug|x64.ActiveCfg = Debug|x64
		{C76DECEC-56F6-4B98-A5F6-BDE10A04B6F1}.Debug|x64.Build.0 = Debug|x64
		{C76DECEC-56F6-4B98-A5F6-BDE10A04B6F1}.Debug|x86.ActiveCfg = Debug|Win32
		{C76DECEC-56F6-4B98-A5F6-BDE10A04B6F1}.Debug|x86.Build.0 = Debug|Win32
		{C76DECEC-56F6-4B98-A5F6-BDE10A04B6F1}.Release|x64.ActiveCfg = Release|x64
		{C76DECEC-56F6-4B98-A5F6-BDE10A04B6F1}.Release|x64.Build.0 = Release|x64
		{C76DECEC-56F6-4B98-A5F6-BDE10A04B6F1}.Release|x86.ActiveCfg = Release|Win32
		{C76DECEC-56F6-4B98-A5F6-BDE10A04B6F1}.Release|x86.Build.0 = Release|Win32
		{C0BBD3A3-72B3-4477-B03F-8CD1F5AD307A}.Debug|x64.ActiveCfg = Debug|x64
		{C0BBD3A3-72B3-4477-B03F-8CD1F5AD307A}.Debug|x64.Build.0 = Debug|x64
		{C0BBD3A3-72B3-4477-B03F-8CD1F5AD307A}.Debug|x86.ActiveCfg = Debug|Win32
		{C0BBD3A3-72B3-4477-B03F-8CD1F5AD307A}.Debug|x86.Build.0 = Debug|Win32
		{C0BBD3A3-72B3-4477-B03F-8CD1F5AD307A}.Release|x64.ActiveCfg = Release|x64
		{C0BBD3A3-72B3-4477-B03F-8CD1F5AD307A}.Release|x64.Build.0 = Release|x64
		{C0BBD3A3-72B3-4477-B03F-8CD1F5AD307A}.Release|x86.ActiveCfg = Release|Win32
		{C0BBD3A3-72B3-4477-B03F-8CD1F5AD307A}.Release|x86.Build.0 = Release|Win32
	EndGlobalSection
	GlobalSection(SolutionProperties) = preSolution
		HideSolutionNode = FALSE
	EndGlobalSection
	GlobalSection(ExtensibilityGlobals) = postSolution
		SolutionGuid = {BCBE5F96-5527-40E7-B582-B4647776CBD7}
	EndGlobalSection
EndGlobal
